// !$*UTF8*$!
{
	archiveVersion = 1;
	classes = {
	};
	objectVersion = 55;
	objects = {

/* Begin PBXBuildFile section */
		6F4B7B41562D8D22F77A1DB5 /* Pods_MagicRouterApp.framework in Frameworks */ = {isa = PBXBuildFile; fileRef = C77EBBB80D4AD7D6D66BB441 /* Pods_MagicRouterApp.framework */; };
		CEBFFD17299B551A00BC0F8C /* AppDelegate.swift in Sources */ = {isa = PBXBuildFile; fileRef = CEBFFD16299B551A00BC0F8C /* AppDelegate.swift */; };
		CEBFFD19299B551A00BC0F8C /* SceneDelegate.swift in Sources */ = {isa = PBXBuildFile; fileRef = CEBFFD18299B551A00BC0F8C /* SceneDelegate.swift */; };
		CEBFFD1B299B551A00BC0F8C /* ViewController.swift in Sources */ = {isa = PBXBuildFile; fileRef = CEBFFD1A299B551A00BC0F8C /* ViewController.swift */; };
		CEBFFD1E299B551A00BC0F8C /* Main.storyboard in Resources */ = {isa = PBXBuildFile; fileRef = CEBFFD1C299B551A00BC0F8C /* Main.storyboard */; };
		CEBFFD20299B551C00BC0F8C /* Assets.xcassets in Resources */ = {isa = PBXBuildFile; fileRef = CEBFFD1F299B551C00BC0F8C /* Assets.xcassets */; };
		CEBFFD23299B551C00BC0F8C /* LaunchScreen.storyboard in Resources */ = {isa = PBXBuildFile; fileRef = CEBFFD21299B551C00BC0F8C /* LaunchScreen.storyboard */; };
/* End PBXBuildFile section */

/* Begin PBXFileReference section */
		C77EBBB80D4AD7D6D66BB441 /* Pods_MagicRouterApp.framework */ = {isa = PBXFileReference; explicitFileType = wrapper.framework; includeInIndex = 0; path = Pods_MagicRouterApp.framework; sourceTree = BUILT_PRODUCTS_DIR; };
		CEBFFD13299B551A00BC0F8C /* MagicRouterApp.app */ = {isa = PBXFileReference; explicitFileType = wrapper.application; includeInIndex = 0; path = MagicRouterApp.app; sourceTree = BUILT_PRODUCTS_DIR; };
		CEBFFD16299B551A00BC0F8C /* AppDelegate.swift */ = {isa = PBXFileReference; lastKnownFileType = sourcecode.swift; path = AppDelegate.swift; sourceTree = "<group>"; };
		CEBFFD18299B551A00BC0F8C /* SceneDelegate.swift */ = {isa = PBXFileReference; lastKnownFileType = sourcecode.swift; path = SceneDelegate.swift; sourceTree = "<group>"; };
		CEBFFD1A299B551A00BC0F8C /* ViewController.swift */ = {isa = PBXFileReference; lastKnownFileType = sourcecode.swift; path = ViewController.swift; sourceTree = "<group>"; };
		CEBFFD1D299B551A00BC0F8C /* Base */ = {isa = PBXFileReference; lastKnownFileType = file.storyboard; name = Base; path = Base.lproj/Main.storyboard; sourceTree = "<group>"; };
		CEBFFD1F299B551C00BC0F8C /* Assets.xcassets */ = {isa = PBXFileReference; lastKnownFileType = folder.assetcatalog; path = Assets.xcassets; sourceTree = "<group>"; };
		CEBFFD22299B551C00BC0F8C /* Base */ = {isa = PBXFileReference; lastKnownFileType = file.storyboard; name = Base; path = Base.lproj/LaunchScreen.storyboard; sourceTree = "<group>"; };
		CEBFFD24299B551C00BC0F8C /* Info.plist */ = {isa = PBXFileReference; lastKnownFileType = text.plist.xml; path = Info.plist; sourceTree = "<group>"; };
		D67E35A7D43219065BCF9411 /* Pods-MagicRouterApp.release.xcconfig */ = {isa = PBXFileReference; includeInIndex = 1; lastKnownFileType = text.xcconfig; name = "Pods-MagicRouterApp.release.xcconfig"; path = "Target Support Files/Pods-MagicRouterApp/Pods-MagicRouterApp.release.xcconfig"; sourceTree = "<group>"; };
		EBDE609802B3841818B4578A /* Pods-MagicRouterApp.debug.xcconfig */ = {isa = PBXFileReference; includeInIndex = 1; lastKnownFileType = text.xcconfig; name = "Pods-MagicRouterApp.debug.xcconfig"; path = "Target Support Files/Pods-MagicRouterApp/Pods-MagicRouterApp.debug.xcconfig"; sourceTree = "<group>"; };
/* End PBXFileReference section */

/* Begin PBXFrameworksBuildPhase section */
		CEBFFD10299B551A00BC0F8C /* Frameworks */ = {
			isa = PBXFrameworksBuildPhase;
			buildActionMask = 2147483647;
			files = (
				6F4B7B41562D8D22F77A1DB5 /* Pods_MagicRouterApp.framework in Frameworks */,
			);
			runOnlyForDeploymentPostprocessing = 0;
		};
/* End PBXFrameworksBuildPhase section */

/* Begin PBXGroup section */
		AADE6D8D69B33A792F92B36B /* Frameworks */ = {
			isa = PBXGroup;
			children = (
				C77EBBB80D4AD7D6D66BB441 /* Pods_MagicRouterApp.framework */,
			);
			name = Frameworks;
			sourceTree = "<group>";
		};
		C1D1F79A5B0E7D1164E324B5 /* Pods */ = {
			isa = PBXGroup;
			children = (
				EBDE609802B3841818B4578A /* Pods-MagicRouterApp.debug.xcconfig */,
				D67E35A7D43219065BCF9411 /* Pods-MagicRouterApp.release.xcconfig */,
			);
			name = Pods;
			path = Pods;
			sourceTree = "<group>";
		};
		CEBFFD0A299B551A00BC0F8C = {
			isa = PBXGroup;
			children = (
				CEBFFD15299B551A00BC0F8C /* MagicRouterApp */,
				CEBFFD14299B551A00BC0F8C /* Products */,
				C1D1F79A5B0E7D1164E324B5 /* Pods */,
				AADE6D8D69B33A792F92B36B /* Frameworks */,
			);
			sourceTree = "<group>";
		};
		CEBFFD14299B551A00BC0F8C /* Products */ = {
			isa = PBXGroup;
			children = (
				CEBFFD13299B551A00BC0F8C /* MagicRouterApp.app */,
			);
			name = Products;
			sourceTree = "<group>";
		};
		CEBFFD15299B551A00BC0F8C /* MagicRouterApp */ = {
			isa = PBXGroup;
			children = (
				CEBFFD16299B551A00BC0F8C /* AppDelegate.swift */,
				CEBFFD18299B551A00BC0F8C /* SceneDelegate.swift */,
				CEBFFD1A299B551A00BC0F8C /* ViewController.swift */,
				CEBFFD1C299B551A00BC0F8C /* Main.storyboard */,
				CEBFFD1F299B551C00BC0F8C /* Assets.xcassets */,
				CEBFFD21299B551C00BC0F8C /* LaunchScreen.storyboard */,
				CEBFFD24299B551C00BC0F8C /* Info.plist */,
			);
			path = MagicRouterApp;
			sourceTree = "<group>";
		};
/* End PBXGroup section */

/* Begin PBXNativeTarget section */
		CEBFFD12299B551A00BC0F8C /* MagicRouterApp */ = {
			isa = PBXNativeTarget;
			buildConfigurationList = CEBFFD27299B551D00BC0F8C /* Build configuration list for PBXNativeTarget "MagicRouterApp" */;
			buildPhases = (
				4DA5BF3E083CCD11050C5AF5 /* [CP] Check Pods Manifest.lock */,
				CEBFFD0F299B551A00BC0F8C /* Sources */,
				CEBFFD10299B551A00BC0F8C /* Frameworks */,
				CEBFFD11299B551A00BC0F8C /* Resources */,
				E86AC78F448CA7E86E054BAD /* [CP] Embed Pods Frameworks */,
			);
			buildRules = (
			);
			dependencies = (
			);
			name = MagicRouterApp;
			productName = MagicRouterApp;
			productReference = CEBFFD13299B551A00BC0F8C /* MagicRouterApp.app */;
			productType = "com.apple.product-type.application";
		};
/* End PBXNativeTarget section */

/* Begin PBXProject section */
		CEBFFD0B299B551A00BC0F8C /* Project object */ = {
			isa = PBXProject;
			attributes = {
				BuildIndependentTargetsInParallel = 1;
				LastSwiftUpdateCheck = 1310;
				LastUpgradeCheck = 1310;
				TargetAttributes = {
					CEBFFD12299B551A00BC0F8C = {
						CreatedOnToolsVersion = 13.1;
					};
				};
			};
			buildConfigurationList = CEBFFD0E299B551A00BC0F8C /* Build configuration list for PBXProject "MagicRouterApp" */;
			compatibilityVersion = "Xcode 13.0";
			developmentRegion = en;
			hasScannedForEncodings = 0;
			knownRegions = (
				en,
				Base,
			);
			mainGroup = CEBFFD0A299B551A00BC0F8C;
			productRefGroup = CEBFFD14299B551A00BC0F8C /* Products */;
			projectDirPath = "";
			projectRoot = "";
			targets = (
				CEBFFD12299B551A00BC0F8C /* MagicRouterApp */,
			);
		};
/* End PBXProject section */

/* Begin PBXResourcesBuildPhase section */
		CEBFFD11299B551A00BC0F8C /* Resources */ = {
			isa = PBXResourcesBuildPhase;
			buildActionMask = 2147483647;
			files = (
				CEBFFD23299B551C00BC0F8C /* LaunchScreen.storyboard in Resources */,
				CEBFFD20299B551C00BC0F8C /* Assets.xcassets in Resources */,
				CEBFFD1E299B551A00BC0F8C /* Main.storyboard in Resources */,
			);
			runOnlyForDeploymentPostprocessing = 0;
		};
/* End PBXResourcesBuildPhase section */

/* Begin PBXShellScriptBuildPhase section */
		4DA5BF3E083CCD11050C5AF5 /* [CP] Check Pods Manifest.lock */ = {
			isa = PBXShellScriptBuildPhase;
			buildActionMask = 2147483647;
			files = (
			);
			inputFileListPaths = (
			);
			inputPaths = (
				"${PODS_PODFILE_DIR_PATH}/Podfile.lock",
				"${PODS_ROOT}/Manifest.lock",
			);
			name = "[CP] Check Pods Manifest.lock";
			outputFileListPaths = (
			);
			outputPaths = (
				"$(DERIVED_FILE_DIR)/Pods-MagicRouterApp-checkManifestLockResult.txt",
			);
			runOnlyForDeploymentPostprocessing = 0;
			shellPath = /bin/sh;
			shellScript = "diff \"${PODS_PODFILE_DIR_PATH}/Podfile.lock\" \"${PODS_ROOT}/Manifest.lock\" > /dev/null\nif [ $? != 0 ] ; then\n    # print error to STDERR\n    echo \"error: The sandbox is not in sync with the Podfile.lock. Run 'pod install' or update your CocoaPods installation.\" >&2\n    exit 1\nfi\n# This output is used by Xcode 'outputs' to avoid re-running this script phase.\necho \"SUCCESS\" > \"${SCRIPT_OUTPUT_FILE_0}\"\n";
			showEnvVarsInLog = 0;
		};
		E86AC78F448CA7E86E054BAD /* [CP] Embed Pods Frameworks */ = {
			isa = PBXShellScriptBuildPhase;
			buildActionMask = 2147483647;
			files = (
			);
			inputFileListPaths = (
				"${PODS_ROOT}/Target Support Files/Pods-MagicRouterApp/Pods-MagicRouterApp-frameworks-${CONFIGURATION}-input-files.xcfilelist",
			);
			name = "[CP] Embed Pods Frameworks";
			outputFileListPaths = (
				"${PODS_ROOT}/Target Support Files/Pods-MagicRouterApp/Pods-MagicRouterApp-frameworks-${CONFIGURATION}-output-files.xcfilelist",
			);
			runOnlyForDeploymentPostprocessing = 0;
			shellPath = /bin/sh;
			shellScript = "\"${PODS_ROOT}/Target Support Files/Pods-MagicRouterApp/Pods-MagicRouterApp-frameworks.sh\"\n";
			showEnvVarsInLog = 0;
		};
/* End PBXShellScriptBuildPhase section */

/* Begin PBXSourcesBuildPhase section */
		CEBFFD0F299B551A00BC0F8C /* Sources */ = {
			isa = PBXSourcesBuildPhase;
			buildActionMask = 2147483647;
			files = (
				CEBFFD1B299B551A00BC0F8C /* ViewController.swift in Sources */,
				CEBFFD17299B551A00BC0F8C /* AppDelegate.swift in Sources */,
				CEBFFD19299B551A00BC0F8C /* SceneDelegate.swift in Sources */,
			);
			runOnlyForDeploymentPostprocessing = 0;
		};
/* End PBXSourcesBuildPhase section */

/* Begin PBXVariantGroup section */
		CEBFFD1C299B551A00BC0F8C /* Main.storyboard */ = {
			isa = PBXVariantGroup;
			children = (
				CEBFFD1D299B551A00BC0F8C /* Base */,
			);
			name = Main.storyboard;
			sourceTree = "<group>";
		};
		CEBFFD21299B551C00BC0F8C /* LaunchScreen.storyboard */ = {
			isa = PBXVariantGroup;
			children = (
				CEBFFD22299B551C00BC0F8C /* Base */,
			);
			name = LaunchScreen.storyboard;
			sourceTree = "<group>";
		};
/* End PBXVariantGroup section */

/* Begin XCBuildConfiguration section */
		CEBFFD25299B551D00BC0F8C /* Debug */ = {
			isa = XCBuildConfiguration;
			buildSettings = {
				ALWAYS_SEARCH_USER_PATHS = NO;
				CLANG_ANALYZER_NONNULL = YES;
				CLANG_ANALYZER_NUMBER_OBJECT_CONVERSION = YES_AGGRESSIVE;
				CLANG_CXX_LANGUAGE_STANDARD = "gnu++17";
				CLANG_CXX_LIBRARY = "libc++";
				CLANG_ENABLE_MODULES = YES;
				CLANG_ENABLE_OBJC_ARC = YES;
				CLANG_ENABLE_OBJC_WEAK = YES;
				CLANG_WARN_BLOCK_CAPTURE_AUTORELEASING = YES;
				CLANG_WARN_BOOL_CONVERSION = YES;
				CLANG_WARN_COMMA = YES;
				CLANG_WARN_CONSTANT_CONVERSION = YES;
				CLANG_WARN_DEPRECATED_OBJC_IMPLEMENTATIONS = YES;
				CLANG_WARN_DIRECT_OBJC_ISA_USAGE = YES_ERROR;
				CLANG_WARN_DOCUMENTATION_COMMENTS = YES;
				CLANG_WARN_EMPTY_BODY = YES;
				CLANG_WARN_ENUM_CONVERSION = YES;
				CLANG_WARN_INFINITE_RECURSION = YES;
				CLANG_WARN_INT_CONVERSION = YES;
				CLANG_WARN_NON_LITERAL_NULL_CONVERSION = YES;
				CLANG_WARN_OBJC_IMPLICIT_RETAIN_SELF = YES;
				CLANG_WARN_OBJC_LITERAL_CONVERSION = YES;
				CLANG_WARN_OBJC_ROOT_CLASS = YES_ERROR;
				CLANG_WARN_QUOTED_INCLUDE_IN_FRAMEWORK_HEADER = YES;
				CLANG_WARN_RANGE_LOOP_ANALYSIS = YES;
				CLANG_WARN_STRICT_PROTOTYPES = YES;
				CLANG_WARN_SUSPICIOUS_MOVE = YES;
				CLANG_WARN_UNGUARDED_AVAILABILITY = YES_AGGRESSIVE;
				CLANG_WARN_UNREACHABLE_CODE = YES;
				CLANG_WARN__DUPLICATE_METHOD_MATCH = YES;
				COPY_PHASE_STRIP = NO;
				DEBUG_INFORMATION_FORMAT = dwarf;
				ENABLE_STRICT_OBJC_MSGSEND = YES;
				ENABLE_TESTABILITY = YES;
				GCC_C_LANGUAGE_STANDARD = gnu11;
				GCC_DYNAMIC_NO_PIC = NO;
				GCC_NO_COMMON_BLOCKS = YES;
				GCC_OPTIMIZATION_LEVEL = 0;
				GCC_PREPROCESSOR_DEFINITIONS = (
					"DEBUG=1",
					"$(inherited)",
				);
				GCC_WARN_64_TO_32_BIT_CONVERSION = YES;
				GCC_WARN_ABOUT_RETURN_TYPE = YES_ERROR;
				GCC_WARN_UNDECLARED_SELECTOR = YES;
				GCC_WARN_UNINITIALIZED_AUTOS = YES_AGGRESSIVE;
				GCC_WARN_UNUSED_FUNCTION = YES;
				GCC_WARN_UNUSED_VARIABLE = YES;
				IPHONEOS_DEPLOYMENT_TARGET = 15.0;
				MTL_ENABLE_DEBUG_INFO = INCLUDE_SOURCE;
				MTL_FAST_MATH = YES;
				ONLY_ACTIVE_ARCH = YES;
				SDKROOT = iphoneos;
				SWIFT_ACTIVE_COMPILATION_CONDITIONS = DEBUG;
				SWIFT_OPTIMIZATION_LEVEL = "-Onone";
			};
			name = Debug;
		};
		CEBFFD26299B551D00BC0F8C /* Release */ = {
			isa = XCBuildConfiguration;
			buildSettings = {
				ALWAYS_SEARCH_USER_PATHS = NO;
				CLANG_ANALYZER_NONNULL = YES;
				CLANG_ANALYZER_NUMBER_OBJECT_CONVERSION = YES_AGGRESSIVE;
				CLANG_CXX_LANGUAGE_STANDARD = "gnu++17";
				CLANG_CXX_LIBRARY = "libc++";
				CLANG_ENABLE_MODULES = YES;
				CLANG_ENABLE_OBJC_ARC = YES;
				CLANG_ENABLE_OBJC_WEAK = YES;
				CLANG_WARN_BLOCK_CAPTURE_AUTORELEASING = YES;
				CLANG_WARN_BOOL_CONVERSION = YES;
				CLANG_WARN_COMMA = YES;
				CLANG_WARN_CONSTANT_CONVERSION = YES;
				CLANG_WARN_DEPRECATED_OBJC_IMPLEMENTATIONS = YES;
				CLANG_WARN_DIRECT_OBJC_ISA_USAGE = YES_ERROR;
				CLANG_WARN_DOCUMENTATION_COMMENTS = YES;
				CLANG_WARN_EMPTY_BODY = YES;
				CLANG_WARN_ENUM_CONVERSION = YES;
				CLANG_WARN_INFINITE_RECURSION = YES;
				CLANG_WARN_INT_CONVERSION = YES;
				CLANG_WARN_NON_LITERAL_NULL_CONVERSION = YES;
				CLANG_WARN_OBJC_IMPLICIT_RETAIN_SELF = YES;
				CLANG_WARN_OBJC_LITERAL_CONVERSION = YES;
				CLANG_WARN_OBJC_ROOT_CLASS = YES_ERROR;
				CLANG_WARN_QUOTED_INCLUDE_IN_FRAMEWORK_HEADER = YES;
				CLANG_WARN_RANGE_LOOP_ANALYSIS = YES;
				CLANG_WARN_STRICT_PROTOTYPES = YES;
				CLANG_WARN_SUSPICIOUS_MOVE = YES;
				CLANG_WARN_UNGUARDED_AVAILABILITY = YES_AGGRESSIVE;
				CLANG_WARN_UNREACHABLE_CODE = YES;
				CLANG_WARN__DUPLICATE_METHOD_MATCH = YES;
				COPY_PHASE_STRIP = NO;
				DEBUG_INFORMATION_FORMAT = "dwarf-with-dsym";
				ENABLE_NS_ASSERTIONS = NO;
				ENABLE_STRICT_OBJC_MSGSEND = YES;
				GCC_C_LANGUAGE_STANDARD = gnu11;
				GCC_NO_COMMON_BLOCKS = YES;
				GCC_WARN_64_TO_32_BIT_CONVERSION = YES;
				GCC_WARN_ABOUT_RETURN_TYPE = YES_ERROR;
				GCC_WARN_UNDECLARED_SELECTOR = YES;
				GCC_WARN_UNINITIALIZED_AUTOS = YES_AGGRESSIVE;
				GCC_WARN_UNUSED_FUNCTION = YES;
				GCC_WARN_UNUSED_VARIABLE = YES;
				IPHONEOS_DEPLOYMENT_TARGET = 15.0;
				MTL_ENABLE_DEBUG_INFO = NO;
				MTL_FAST_MATH = YES;
				SDKROOT = iphoneos;
				SWIFT_COMPILATION_MODE = wholemodule;
				SWIFT_OPTIMIZATION_LEVEL = "-O";
				VALIDATE_PRODUCT = YES;
			};
			name = Release;
		};
		CEBFFD28299B551D00BC0F8C /* Debug */ = {
			isa = XCBuildConfiguration;
			baseConfigurationReference = EBDE609802B3841818B4578A /* Pods-MagicRouterApp.debug.xcconfig */;
			buildSettings = {
				ASSETCATALOG_COMPILER_APPICON_NAME = AppIcon;
				ASSETCATALOG_COMPILER_GLOBAL_ACCENT_COLOR_NAME = AccentColor;
				CODE_SIGN_STYLE = Automatic;
				CURRENT_PROJECT_VERSION = 1;
				DEVELOPMENT_TEAM = UTT4HQ4F3H;
				GENERATE_INFOPLIST_FILE = YES;
				INFOPLIST_FILE = MagicRouterApp/Info.plist;
				INFOPLIST_KEY_UIApplicationSupportsIndirectInputEvents = YES;
				INFOPLIST_KEY_UILaunchStoryboardName = LaunchScreen;
				INFOPLIST_KEY_UIMainStoryboardFile = Main;
				INFOPLIST_KEY_UISupportedInterfaceOrientations_iPad = "UIInterfaceOrientationPortrait UIInterfaceOrientationPortraitUpsideDown UIInterfaceOrientationLandscapeLeft UIInterfaceOrientationLandscapeRight";
				INFOPLIST_KEY_UISupportedInterfaceOrientations_iPhone = "UIInterfaceOrientationPortrait UIInterfaceOrientationLandscapeLeft UIInterfaceOrientationLandscapeRight";
				LD_RUNPATH_SEARCH_PATHS = (
					"$(inherited)",
					"@executable_path/Frameworks",
				);
				MARKETING_VERSION = 1.0;
				PRODUCT_BUNDLE_IDENTIFIER = com.zjy.MagicRouterApp;
				PRODUCT_NAME = "$(TARGET_NAME)";
				SWIFT_EMIT_LOC_STRINGS = YES;
				SWIFT_VERSION = 5.0;
				TARGETED_DEVICE_FAMILY = "1,2";
			};
			name = Debug;
		};
		CEBFFD29299B551D00BC0F8C /* Release */ = {
			isa = XCBuildConfiguration;
			baseConfigurationReference = D67E35A7D43219065BCF9411 /* Pods-MagicRouterApp.release.xcconfig */;
			buildSettings = {
				ASSETCATALOG_COMPILER_APPICON_NAME = AppIcon;
				ASSETCATALOG_COMPILER_GLOBAL_ACCENT_COLOR_NAME = AccentColor;
				CODE_SIGN_STYLE = Automatic;
				CURRENT_PROJECT_VERSION = 1;
				DEVELOPMENT_TEAM = UTT4HQ4F3H;
				GENERATE_INFOPLIST_FILE = YES;
				INFOPLIST_FILE = MagicRouterApp/Info.plist;
				INFOPLIST_KEY_UIApplicationSupportsIndirectInputEvents = YES;
				INFOPLIST_KEY_UILaunchStoryboardName = LaunchScreen;
				INFOPLIST_KEY_UIMainStoryboardFile = Main;
				INFOPLIST_KEY_UISupportedInterfaceOrientations_iPad = "UIInterfaceOrientationPortrait UIInterfaceOrientationPortraitUpsideDown UIInterfaceOrientationLandscapeLeft UIInterfaceOrientationLandscapeRight";
				INFOPLIST_KEY_UISupportedInterfaceOrientations_iPhone = "UIInterfaceOrientationPortrait UIInterfaceOrientationLandscapeLeft UIInterfaceOrientationLandscapeRight";
				LD_RUNPATH_SEARCH_PATHS = (
					"$(inherited)",
					"@executable_path/Frameworks",
				);
				MARKETING_VERSION = 1.0;
				PRODUCT_BUNDLE_IDENTIFIER = com.zjy.MagicRouterApp;
				PRODUCT_NAME = "$(TARGET_NAME)";
				SWIFT_EMIT_LOC_STRINGS = YES;
				SWIFT_VERSION = 5.0;
				TARGETED_DEVICE_FAMILY = "1,2";
			};
			name = Release;
		};
/* End XCBuildConfiguration section */

/* Begin XCConfigurationList section */
		CEBFFD0E299B551A00BC0F8C /* Build configuration list for PBXProject "MagicRouterApp" */ = {
			isa = XCConfigurationList;
			buildConfigurations = (
				CEBFFD25299B551D00BC0F8C /* Debug */,
				CEBFFD26299B551D00BC0F8C /* Release */,
			);
			defaultConfigurationIsVisible = 0;
			defaultConfigurationName = Release;
		};
		CEBFFD27299B551D00BC0F8C /* Build configuration list for PBXNativeTarget "MagicRouterApp" */ = {
			isa = XCConfigurationList;
			buildConfigurations = (
				CEBFFD28299B551D00BC0F8C /* Debug */,
				CEBFFD29299B551D00BC0F8C /* Release */,
			);
			defaultConfigurationIsVisible = 0;
			defaultConfigurationName = Release;
		};
/* End XCConfigurationList section */
	};
	rootObject = CEBFFD0B299B551A00BC0F8C /* Project object */;
}
